
Microsoft Visual Studio Solution File, Format Version 12.00
# Visual Studio Version 16
VisualStudioVersion = 16.0.31515.178
MinimumVisualStudioVersion = 10.0.40219.1
Project("{FAE04EC0-301F-11D3-BF4B-00C04F79EFBC}") = "WMC-JsonConsoleWrapper", "WMC-JsonConsoleWrapper\WMC-JsonConsoleWrapper.csproj", "{D7141C6F-53AE-46C1-A185-DE3504E1E736}"
EndProject
Global
	GlobalSection(SolutionConfigurationPlatforms) = preSolution
		Debug|Any CPU = Debug|Any CPU
		Release|Any CPU = Release|Any CPU
	EndGlobalSection
	GlobalSection(ProjectConfigurationPlatforms) = postSolution
		{D7141C6F-53AE-46C1-A185-DE3504E1E736}.Debug|Any CPU.ActiveCfg = Debug|Any CPU
		{D7141C6F-53AE-46C1-A185-DE3504E1E736}.Debug|Any CPU.Build.0 = Debug|Any CPU
		{D7141C6F-53AE-46C1-A185-DE3504E1E736}.Release|Any CPU.ActiveCfg = Release|Any CPU
		{D7141C6F-53AE-46C1-A185-DE3504E1E736}.Release|Any CPU.Build.0 = Release|Any CPU
	EndGlobalSection
	GlobalSection(SolutionProperties) = preSolution
		HideSolutionNode = FALSE
	EndGlobalSection
	GlobalSection(ExtensibilityGlobals) = postSolution
		SolutionGuid = {D7B6CF51-A622-407C-943F-E199124DA526}
	EndGlobalSection
EndGlobal
